// !$*UTF8*$!
{
	archiveVersion = 1;
	classes = {
	};
	objectVersion = 56;
	objects = {

/* Begin PBXBuildFile section */
		0433E4492C2250B800089E04 /* CoffeeOrderAppApp.swift in Sources */ = {isa = PBXBuildFile; fileRef = 0433E4482C2250B800089E04 /* CoffeeOrderAppApp.swift */; };
		0433E44B2C2250B800089E04 /* ContentView.swift in Sources */ = {isa = PBXBuildFile; fileRef = 0433E44A2C2250B800089E04 /* ContentView.swift */; };
		0433E44D2C2250B900089E04 /* Assets.xcassets in Resources */ = {isa = PBXBuildFile; fileRef = 0433E44C2C2250B900089E04 /* Assets.xcassets */; };
		0433E4502C2250B900089E04 /* Preview Assets.xcassets in Resources */ = {isa = PBXBuildFile; fileRef = 0433E44F2C2250B900089E04 /* Preview Assets.xcassets */; };
		0433E45A2C2250B900089E04 /* CoffeeOrderAppTests.swift in Sources */ = {isa = PBXBuildFile; fileRef = 0433E4592C2250B900089E04 /* CoffeeOrderAppTests.swift */; };
		0433E4642C2250B900089E04 /* CoffeeOrderAppUITests.swift in Sources */ = {isa = PBXBuildFile; fileRef = 0433E4632C2250B900089E04 /* CoffeeOrderAppUITests.swift */; };
		0433E4662C2250B900089E04 /* CoffeeOrderAppUITestsLaunchTests.swift in Sources */ = {isa = PBXBuildFile; fileRef = 0433E4652C2250B900089E04 /* CoffeeOrderAppUITestsLaunchTests.swift */; };
		0433E4742C22510000089E04 /* Webservice.swift in Sources */ = {isa = PBXBuildFile; fileRef = 0433E4732C22510000089E04 /* Webservice.swift */; };
		0433E4772C22519E00089E04 /* Order.swift in Sources */ = {isa = PBXBuildFile; fileRef = 0433E4762C22519E00089E04 /* Order.swift */; };
		0433E4792C225A1400089E04 /* CoffeeModel.swift in Sources */ = {isa = PBXBuildFile; fileRef = 0433E4782C225A1400089E04 /* CoffeeModel.swift */; };
/* End PBXBuildFile section */

/* Begin PBXContainerItemProxy section */
		0433E4562C2250B900089E04 /* PBXContainerItemProxy */ = {
			isa = PBXContainerItemProxy;
			containerPortal = 0433E43D2C2250B800089E04 /* Project object */;
			proxyType = 1;
			remoteGlobalIDString = 0433E4442C2250B800089E04;
			remoteInfo = CoffeeOrderApp;
		};
		0433E4602C2250B900089E04 /* PBXContainerItemProxy */ = {
			isa = PBXContainerItemProxy;
			containerPortal = 0433E43D2C2250B800089E04 /* Project object */;
			proxyType = 1;
			remoteGlobalIDString = 0433E4442C2250B800089E04;
			remoteInfo = CoffeeOrderApp;
		};
/* End PBXContainerItemProxy section */

/* Begin PBXFileReference section */
		0433E4452C2250B800089E04 /* CoffeeOrderApp.app */ = {isa = PBXFileReference; explicitFileType = wrapper.application; includeInIndex = 0; path = CoffeeOrderApp.app; sourceTree = BUILT_PRODUCTS_DIR; };
		0433E4482C2250B800089E04 /* CoffeeOrderAppApp.swift */ = {isa = PBXFileReference; lastKnownFileType = sourcecode.swift; path = CoffeeOrderAppApp.swift; sourceTree = "<group>"; };
		0433E44A2C2250B800089E04 /* ContentView.swift */ = {isa = PBXFileReference; lastKnownFileType = sourcecode.swift; path = ContentView.swift; sourceTree = "<group>"; };
		0433E44C2C2250B900089E04 /* Assets.xcassets */ = {isa = PBXFileReference; lastKnownFileType = folder.assetcatalog; path = Assets.xcassets; sourceTree = "<group>"; };
		0433E44F2C2250B900089E04 /* Preview Assets.xcassets */ = {isa = PBXFileReference; lastKnownFileType = folder.assetcatalog; path = "Preview Assets.xcassets"; sourceTree = "<group>"; };
		0433E4552C2250B900089E04 /* CoffeeOrderAppTests.xctest */ = {isa = PBXFileReference; explicitFileType = wrapper.cfbundle; includeInIndex = 0; path = CoffeeOrderAppTests.xctest; sourceTree = BUILT_PRODUCTS_DIR; };
		0433E4592C2250B900089E04 /* CoffeeOrderAppTests.swift */ = {isa = PBXFileReference; lastKnownFileType = sourcecode.swift; path = CoffeeOrderAppTests.swift; sourceTree = "<group>"; };
		0433E45F2C2250B900089E04 /* CoffeeOrderAppUITests.xctest */ = {isa = PBXFileReference; explicitFileType = wrapper.cfbundle; includeInIndex = 0; path = CoffeeOrderAppUITests.xctest; sourceTree = BUILT_PRODUCTS_DIR; };
		0433E4632C2250B900089E04 /* CoffeeOrderAppUITests.swift */ = {isa = PBXFileReference; lastKnownFileType = sourcecode.swift; path = CoffeeOrderAppUITests.swift; sourceTree = "<group>"; };
		0433E4652C2250B900089E04 /* CoffeeOrderAppUITestsLaunchTests.swift */ = {isa = PBXFileReference; lastKnownFileType = sourcecode.swift; path = CoffeeOrderAppUITestsLaunchTests.swift; sourceTree = "<group>"; };
		0433E4732C22510000089E04 /* Webservice.swift */ = {isa = PBXFileReference; lastKnownFileType = sourcecode.swift; path = Webservice.swift; sourceTree = "<group>"; };
		0433E4762C22519E00089E04 /* Order.swift */ = {isa = PBXFileReference; lastKnownFileType = sourcecode.swift; path = Order.swift; sourceTree = "<group>"; };
		0433E4782C225A1400089E04 /* CoffeeModel.swift */ = {isa = PBXFileReference; lastKnownFileType = sourcecode.swift; path = CoffeeModel.swift; sourceTree = "<group>"; };
/* End PBXFileReference section */

/* Begin PBXFrameworksBuildPhase section */
		0433E4422C2250B800089E04 /* Frameworks */ = {
			isa = PBXFrameworksBuildPhase;
			buildActionMask = 2147483647;
			files = (
			);
			runOnlyForDeploymentPostprocessing = 0;
		};
		0433E4522C2250B900089E04 /* Frameworks */ = {
			isa = PBXFrameworksBuildPhase;
			buildActionMask = 2147483647;
			files = (
			);
			runOnlyForDeploymentPostprocessing = 0;
		};
		0433E45C2C2250B900089E04 /* Frameworks */ = {
			isa = PBXFrameworksBuildPhase;
			buildActionMask = 2147483647;
			files = (
			);
			runOnlyForDeploymentPostprocessing = 0;
		};
/* End PBXFrameworksBuildPhase section */

/* Begin PBXGroup section */
		0433E43C2C2250B800089E04 = {
			isa = PBXGroup;
			children = (
				0433E4472C2250B800089E04 /* CoffeeOrderApp */,
				0433E4582C2250B900089E04 /* CoffeeOrderAppTests */,
				0433E4622C2250B900089E04 /* CoffeeOrderAppUITests */,
				0433E4462C2250B800089E04 /* Products */,
			);
			sourceTree = "<group>";
		};
		0433E4462C2250B800089E04 /* Products */ = {
			isa = PBXGroup;
			children = (
				0433E4452C2250B800089E04 /* CoffeeOrderApp.app */,
				0433E4552C2250B900089E04 /* CoffeeOrderAppTests.xctest */,
				0433E45F2C2250B900089E04 /* CoffeeOrderAppUITests.xctest */,
			);
			name = Products;
			sourceTree = "<group>";
		};
		0433E4472C2250B800089E04 /* CoffeeOrderApp */ = {
			isa = PBXGroup;
			children = (
				0433E4752C22518F00089E04 /* Models */,
				0433E4722C2250EC00089E04 /* Services */,
				0433E4482C2250B800089E04 /* CoffeeOrderAppApp.swift */,
				0433E44A2C2250B800089E04 /* ContentView.swift */,
				0433E44C2C2250B900089E04 /* Assets.xcassets */,
				0433E44E2C2250B900089E04 /* Preview Content */,
			);
			path = CoffeeOrderApp;
			sourceTree = "<group>";
		};
		0433E44E2C2250B900089E04 /* Preview Content */ = {
			isa = PBXGroup;
			children = (
				0433E44F2C2250B900089E04 /* Preview Assets.xcassets */,
			);
			path = "Preview Content";
			sourceTree = "<group>";
		};
		0433E4582C2250B900089E04 /* CoffeeOrderAppTests */ = {
			isa = PBXGroup;
			children = (
				0433E4592C2250B900089E04 /* CoffeeOrderAppTests.swift */,
			);
			path = CoffeeOrderAppTests;
			sourceTree = "<group>";
		};
		0433E4622C2250B900089E04 /* CoffeeOrderAppUITests */ = {
			isa = PBXGroup;
			children = (
				0433E4632C2250B900089E04 /* CoffeeOrderAppUITests.swift */,
				0433E4652C2250B900089E04 /* CoffeeOrderAppUITestsLaunchTests.swift */,
			);
			path = CoffeeOrderAppUITests;
			sourceTree = "<group>";
		};
		0433E4722C2250EC00089E04 /* Services */ = {
			isa = PBXGroup;
			children = (
				0433E4732C22510000089E04 /* Webservice.swift */,
			);
			path = Services;
			sourceTree = "<group>";
		};
		0433E4752C22518F00089E04 /* Models */ = {
			isa = PBXGroup;
			children = (
				0433E4762C22519E00089E04 /* Order.swift */,
				0433E4782C225A1400089E04 /* CoffeeModel.swift */,
			);
			path = Models;
			sourceTree = "<group>";
		};
/* End PBXGroup section */

/* Begin PBXNativeTarget section */
		0433E4442C2250B800089E04 /* CoffeeOrderApp */ = {
			isa = PBXNativeTarget;
			buildConfigurationList = 0433E4692C2250B900089E04 /* Build configuration list for PBXNativeTarget "CoffeeOrderApp" */;
			buildPhases = (
				0433E4412C2250B800089E04 /* Sources */,
				0433E4422C2250B800089E04 /* Frameworks */,
				0433E4432C2250B800089E04 /* Resources */,
			);
			buildRules = (
			);
			dependencies = (
			);
			name = CoffeeOrderApp;
			productName = CoffeeOrderApp;
			productReference = 0433E4452C2250B800089E04 /* CoffeeOrderApp.app */;
			productType = "com.apple.product-type.application";
		};
		0433E4542C2250B900089E04 /* CoffeeOrderAppTests */ = {
			isa = PBXNativeTarget;
			buildConfigurationList = 0433E46C2C2250B900089E04 /* Build configuration list for PBXNativeTarget "CoffeeOrderAppTests" */;
			buildPhases = (
				0433E4512C2250B900089E04 /* Sources */,
				0433E4522C2250B900089E04 /* Frameworks */,
				0433E4532C2250B900089E04 /* Resources */,
			);
			buildRules = (
			);
			dependencies = (
				0433E4572C2250B900089E04 /* PBXTargetDependency */,
			);
			name = CoffeeOrderAppTests;
			productName = CoffeeOrderAppTests;
			productReference = 0433E4552C2250B900089E04 /* CoffeeOrderAppTests.xctest */;
			productType = "com.apple.product-type.bundle.unit-test";
		};
		0433E45E2C2250B900089E04 /* CoffeeOrderAppUITests */ = {
			isa = PBXNativeTarget;
			buildConfigurationList = 0433E46F2C2250B900089E04 /* Build configuration list for PBXNativeTarget "CoffeeOrderAppUITests" */;
			buildPhases = (
				0433E45B2C2250B900089E04 /* Sources */,
				0433E45C2C2250B900089E04 /* Frameworks */,
				0433E45D2C2250B900089E04 /* Resources */,
			);
			buildRules = (
			);
			dependencies = (
				0433E4612C2250B900089E04 /* PBXTargetDependency */,
			);
			name = CoffeeOrderAppUITests;
			productName = CoffeeOrderAppUITests;
			productReference = 0433E45F2C2250B900089E04 /* CoffeeOrderAppUITests.xctest */;
			productType = "com.apple.product-type.bundle.ui-testing";
		};
/* End PBXNativeTarget section */

/* Begin PBXProject section */
		0433E43D2C2250B800089E04 /* Project object */ = {
			isa = PBXProject;
			attributes = {
				BuildIndependentTargetsInParallel = 1;
				LastSwiftUpdateCheck = 1510;
				LastUpgradeCheck = 1510;
				TargetAttributes = {
					0433E4442C2250B800089E04 = {
						CreatedOnToolsVersion = 15.1;
					};
					0433E4542C2250B900089E04 = {
						CreatedOnToolsVersion = 15.1;
						TestTargetID = 0433E4442C2250B800089E04;
					};
					0433E45E2C2250B900089E04 = {
						CreatedOnToolsVersion = 15.1;
						TestTargetID = 0433E4442C2250B800089E04;
					};
				};
			};
			buildConfigurationList = 0433E4402C2250B800089E04 /* Build configuration list for PBXProject "CoffeeOrderApp" */;
			compatibilityVersion = "Xcode 14.0";
			developmentRegion = en;
			hasScannedForEncodings = 0;
			knownRegions = (
				en,
				Base,
			);
			mainGroup = 0433E43C2C2250B800089E04;
			productRefGroup = 0433E4462C2250B800089E04 /* Products */;
			projectDirPath = "";
			projectRoot = "";
			targets = (
				0433E4442C2250B800089E04 /* CoffeeOrderApp */,
				0433E4542C2250B900089E04 /* CoffeeOrderAppTests */,
				0433E45E2C2250B900089E04 /* CoffeeOrderAppUITests */,
			);
		};
/* End PBXProject section */

/* Begin PBXResourcesBuildPhase section */
		0433E4432C2250B800089E04 /* Resources */ = {
			isa = PBXResourcesBuildPhase;
			buildActionMask = 2147483647;
			files = (
				0433E4502C2250B900089E04 /* Preview Assets.xcassets in Resources */,
				0433E44D2C2250B900089E04 /* Assets.xcassets in Resources */,
			);
			runOnlyForDeploymentPostprocessing = 0;
		};
		0433E4532C2250B900089E04 /* Resources */ = {
			isa = PBXResourcesBuildPhase;
			buildActionMask = 2147483647;
			files = (
			);
			runOnlyForDeploymentPostprocessing = 0;
		};
		0433E45D2C2250B900089E04 /* Resources */ = {
			isa = PBXResourcesBuildPhase;
			buildActionMask = 2147483647;
			files = (
			);
			runOnlyForDeploymentPostprocessing = 0;
		};
/* End PBXResourcesBuildPhase section */

/* Begin PBXSourcesBuildPhase section */
		0433E4412C2250B800089E04 /* Sources */ = {
			isa = PBXSourcesBuildPhase;
			buildActionMask = 2147483647;
			files = (
				0433E44B2C2250B800089E04 /* ContentView.swift in Sources */,
				0433E4792C225A1400089E04 /* CoffeeModel.swift in Sources */,
				0433E4492C2250B800089E04 /* CoffeeOrderAppApp.swift in Sources */,
				0433E4772C22519E00089E04 /* Order.swift in Sources */,
				0433E4742C22510000089E04 /* Webservice.swift in Sources */,
			);
			runOnlyForDeploymentPostprocessing = 0;
		};
		0433E4512C2250B900089E04 /* Sources */ = {
			isa = PBXSourcesBuildPhase;
			buildActionMask = 2147483647;
			files = (
				0433E45A2C2250B900089E04 /* CoffeeOrderAppTests.swift in Sources */,
			);
			runOnlyForDeploymentPostprocessing = 0;
		};
		0433E45B2C2250B900089E04 /* Sources */ = {
			isa = PBXSourcesBuildPhase;
			buildActionMask = 2147483647;
			files = (
				0433E4642C2250B900089E04 /* CoffeeOrderAppUITests.swift in Sources */,
				0433E4662C2250B900089E04 /* CoffeeOrderAppUITestsLaunchTests.swift in Sources */,
			);
			runOnlyForDeploymentPostprocessing = 0;
		};
/* End PBXSourcesBuildPhase section */

/* Begin PBXTargetDependency section */
		0433E4572C2250B900089E04 /* PBXTargetDependency */ = {
			isa = PBXTargetDependency;
			target = 0433E4442C2250B800089E04 /* CoffeeOrderApp */;
			targetProxy = 0433E4562C2250B900089E04 /* PBXContainerItemProxy */;
		};
		0433E4612C2250B900089E04 /* PBXTargetDependency */ = {
			isa = PBXTargetDependency;
			target = 0433E4442C2250B800089E04 /* CoffeeOrderApp */;
			targetProxy = 0433E4602C2250B900089E04 /* PBXContainerItemProxy */;
		};
/* End PBXTargetDependency section */

/* Begin XCBuildConfiguration section */
		0433E4672C2250B900089E04 /* Debug */ = {
			isa = XCBuildConfiguration;
			buildSettings = {
				ALWAYS_SEARCH_USER_PATHS = NO;
				ASSETCATALOG_COMPILER_GENERATE_SWIFT_ASSET_SYMBOL_EXTENSIONS = YES;
				CLANG_ANALYZER_NONNULL = YES;
				CLANG_ANALYZER_NUMBER_OBJECT_CONVERSION = YES_AGGRESSIVE;
				CLANG_CXX_LANGUAGE_STANDARD = "gnu++20";
				CLANG_ENABLE_MODULES = YES;
				CLANG_ENABLE_OBJC_ARC = YES;
				CLANG_ENABLE_OBJC_WEAK = YES;
				CLANG_WARN_BLOCK_CAPTURE_AUTORELEASING = YES;
				CLANG_WARN_BOOL_CONVERSION = YES;
				CLANG_WARN_COMMA = YES;
				CLANG_WARN_CONSTANT_CONVERSION = YES;
				CLANG_WARN_DEPRECATED_OBJC_IMPLEMENTATIONS = YES;
				CLANG_WARN_DIRECT_OBJC_ISA_USAGE = YES_ERROR;
				CLANG_WARN_DOCUMENTATION_COMMENTS = YES;
				CLANG_WARN_EMPTY_BODY = YES;
				CLANG_WARN_ENUM_CONVERSION = YES;
				CLANG_WARN_INFINITE_RECURSION = YES;
				CLANG_WARN_INT_CONVERSION = YES;
				CLANG_WARN_NON_LITERAL_NULL_CONVERSION = YES;
				CLANG_WARN_OBJC_IMPLICIT_RETAIN_SELF = YES;
				CLANG_WARN_OBJC_LITERAL_CONVERSION = YES;
				CLANG_WARN_OBJC_ROOT_CLASS = YES_ERROR;
				CLANG_WARN_QUOTED_INCLUDE_IN_FRAMEWORK_HEADER = YES;
				CLANG_WARN_RANGE_LOOP_ANALYSIS = YES;
				CLANG_WARN_STRICT_PROTOTYPES = YES;
				CLANG_WARN_SUSPICIOUS_MOVE = YES;
				CLANG_WARN_UNGUARDED_AVAILABILITY = YES_AGGRESSIVE;
				CLANG_WARN_UNREACHABLE_CODE = YES;
				CLANG_WARN__DUPLICATE_METHOD_MATCH = YES;
				COPY_PHASE_STRIP = NO;
				DEBUG_INFORMATION_FORMAT = dwarf;
				ENABLE_STRICT_OBJC_MSGSEND = YES;
				ENABLE_TESTABILITY = YES;
				ENABLE_USER_SCRIPT_SANDBOXING = YES;
				GCC_C_LANGUAGE_STANDARD = gnu17;
				GCC_DYNAMIC_NO_PIC = NO;
				GCC_NO_COMMON_BLOCKS = YES;
				GCC_OPTIMIZATION_LEVEL = 0;
				GCC_PREPROCESSOR_DEFINITIONS = (
					"DEBUG=1",
					"$(inherited)",
				);
				GCC_WARN_64_TO_32_BIT_CONVERSION = YES;
				GCC_WARN_ABOUT_RETURN_TYPE = YES_ERROR;
				GCC_WARN_UNDECLARED_SELECTOR = YES;
				GCC_WARN_UNINITIALIZED_AUTOS = YES_AGGRESSIVE;
				GCC_WARN_UNUSED_FUNCTION = YES;
				GCC_WARN_UNUSED_VARIABLE = YES;
				IPHONEOS_DEPLOYMENT_TARGET = 17.2;
				LOCALIZATION_PREFERS_STRING_CATALOGS = YES;
				MTL_ENABLE_DEBUG_INFO = INCLUDE_SOURCE;
				MTL_FAST_MATH = YES;
				ONLY_ACTIVE_ARCH = YES;
				SDKROOT = iphoneos;
				SWIFT_ACTIVE_COMPILATION_CONDITIONS = "DEBUG $(inherited)";
				SWIFT_OPTIMIZATION_LEVEL = "-Onone";
			};
			name = Debug;
		};
		0433E4682C2250B900089E04 /* Release */ = {
			isa = XCBuildConfiguration;
			buildSettings = {
				ALWAYS_SEARCH_USER_PATHS = NO;
				ASSETCATALOG_COMPILER_GENERATE_SWIFT_ASSET_SYMBOL_EXTENSIONS = YES;
				CLANG_ANALYZER_NONNULL = YES;
				CLANG_ANALYZER_NUMBER_OBJECT_CONVERSION = YES_AGGRESSIVE;
				CLANG_CXX_LANGUAGE_STANDARD = "gnu++20";
				CLANG_ENABLE_MODULES = YES;
				CLANG_ENABLE_OBJC_ARC = YES;
				CLANG_ENABLE_OBJC_WEAK = YES;
				CLANG_WARN_BLOCK_CAPTURE_AUTORELEASING = YES;
				CLANG_WARN_BOOL_CONVERSION = YES;
				CLANG_WARN_COMMA = YES;
				CLANG_WARN_CONSTANT_CONVERSION = YES;
				CLANG_WARN_DEPRECATED_OBJC_IMPLEMENTATIONS = YES;
				CLANG_WARN_DIRECT_OBJC_ISA_USAGE = YES_ERROR;
				CLANG_WARN_DOCUMENTATION_COMMENTS = YES;
				CLANG_WARN_EMPTY_BODY = YES;
				CLANG_WARN_ENUM_CONVERSION = YES;
				CLANG_WARN_INFINITE_RECURSION = YES;
				CLANG_WARN_INT_CONVERSION = YES;
				CLANG_WARN_NON_LITERAL_NULL_CONVERSION = YES;
				CLANG_WARN_OBJC_IMPLICIT_RETAIN_SELF = YES;
				CLANG_WARN_OBJC_LITERAL_CONVERSION = YES;
				CLANG_WARN_OBJC_ROOT_CLASS = YES_ERROR;
				CLANG_WARN_QUOTED_INCLUDE_IN_FRAMEWORK_HEADER = YES;
				CLANG_WARN_RANGE_LOOP_ANALYSIS = YES;
				CLANG_WARN_STRICT_PROTOTYPES = YES;
				CLANG_WARN_SUSPICIOUS_MOVE = YES;
				CLANG_WARN_UNGUARDED_AVAILABILITY = YES_AGGRESSIVE;
				CLANG_WARN_UNREACHABLE_CODE = YES;
				CLANG_WARN__DUPLICATE_METHOD_MATCH = YES;
				COPY_PHASE_STRIP = NO;
				DEBUG_INFORMATION_FORMAT = "dwarf-with-dsym";
				ENABLE_NS_ASSERTIONS = NO;
				ENABLE_STRICT_OBJC_MSGSEND = YES;
				ENABLE_USER_SCRIPT_SANDBOXING = YES;
				GCC_C_LANGUAGE_STANDARD = gnu17;
				GCC_NO_COMMON_BLOCKS = YES;
				GCC_WARN_64_TO_32_BIT_CONVERSION = YES;
				GCC_WARN_ABOUT_RETURN_TYPE = YES_ERROR;
				GCC_WARN_UNDECLARED_SELECTOR = YES;
				GCC_WARN_UNINITIALIZED_AUTOS = YES_AGGRESSIVE;
				GCC_WARN_UNUSED_FUNCTION = YES;
				GCC_WARN_UNUSED_VARIABLE = YES;
				IPHONEOS_DEPLOYMENT_TARGET = 17.2;
				LOCALIZATION_PREFERS_STRING_CATALOGS = YES;
				MTL_ENABLE_DEBUG_INFO = NO;
				MTL_FAST_MATH = YES;
				SDKROOT = iphoneos;
				SWIFT_COMPILATION_MODE = wholemodule;
				VALIDATE_PRODUCT = YES;
			};
			name = Release;
		};
		0433E46A2C2250B900089E04 /* Debug */ = {
			isa = XCBuildConfiguration;
			buildSettings = {
				ASSETCATALOG_COMPILER_APPICON_NAME = AppIcon;
				ASSETCATALOG_COMPILER_GLOBAL_ACCENT_COLOR_NAME = AccentColor;
				CODE_SIGN_STYLE = Automatic;
				CURRENT_PROJECT_VERSION = 1;
				DEVELOPMENT_ASSET_PATHS = "\"CoffeeOrderApp/Preview Content\"";
				DEVELOPMENT_TEAM = 3WKXX7528Y;
				ENABLE_PREVIEWS = YES;
				GENERATE_INFOPLIST_FILE = YES;
				INFOPLIST_KEY_UIApplicationSceneManifest_Generation = YES;
				INFOPLIST_KEY_UIApplicationSupportsIndirectInputEvents = YES;
				INFOPLIST_KEY_UILaunchScreen_Generation = YES;
				INFOPLIST_KEY_UISupportedInterfaceOrientations_iPad = "UIInterfaceOrientationPortrait UIInterfaceOrientationPortraitUpsideDown UIInterfaceOrientationLandscapeLeft UIInterfaceOrientationLandscapeRight";
				INFOPLIST_KEY_UISupportedInterfaceOrientations_iPhone = "UIInterfaceOrientationPortrait UIInterfaceOrientationLandscapeLeft UIInterfaceOrientationLandscapeRight";
				LD_RUNPATH_SEARCH_PATHS = (
					"$(inherited)",
					"@executable_path/Frameworks",
				);
				MARKETING_VERSION = 1.0;
				PRODUCT_BUNDLE_IDENTIFIER = com.akramarenko.CoffeeOrderApp;
				PRODUCT_NAME = "$(TARGET_NAME)";
				SWIFT_EMIT_LOC_STRINGS = YES;
				SWIFT_VERSION = 5.0;
				TARGETED_DEVICE_FAMILY = "1,2";
			};
			name = Debug;
		};
		0433E46B2C2250B900089E04 /* Release */ = {
			isa = XCBuildConfiguration;
			buildSettings = {
				ASSETCATALOG_COMPILER_APPICON_NAME = AppIcon;
				ASSETCATALOG_COMPILER_GLOBAL_ACCENT_COLOR_NAME = AccentColor;
				CODE_SIGN_STYLE = Automatic;
				CURRENT_PROJECT_VERSION = 1;
				DEVELOPMENT_ASSET_PATHS = "\"CoffeeOrderApp/Preview Content\"";
				DEVELOPMENT_TEAM = 3WKXX7528Y;
				ENABLE_PREVIEWS = YES;
				GENERATE_INFOPLIST_FILE = YES;
				INFOPLIST_KEY_UIApplicationSceneManifest_Generation = YES;
				INFOPLIST_KEY_UIApplicationSupportsIndirectInputEvents = YES;
				INFOPLIST_KEY_UILaunchScreen_Generation = YES;
				INFOPLIST_KEY_UISupportedInterfaceOrientations_iPad = "UIInterfaceOrientationPortrait UIInterfaceOrientationPortraitUpsideDown UIInterfaceOrientationLandscapeLeft UIInterfaceOrientationLandscapeRight";
				INFOPLIST_KEY_UISupportedInterfaceOrientations_iPhone = "UIInterfaceOrientationPortrait UIInterfaceOrientationLandscapeLeft UIInterfaceOrientationLandscapeRight";
				LD_RUNPATH_SEARCH_PATHS = (
					"$(inherited)",
					"@executable_path/Frameworks",
				);
				MARKETING_VERSION = 1.0;
				PRODUCT_BUNDLE_IDENTIFIER = com.akramarenko.CoffeeOrderApp;
				PRODUCT_NAME = "$(TARGET_NAME)";
				SWIFT_EMIT_LOC_STRINGS = YES;
				SWIFT_VERSION = 5.0;
				TARGETED_DEVICE_FAMILY = "1,2";
			};
			name = Release;
		};
		0433E46D2C2250B900089E04 /* Debug */ = {
			isa = XCBuildConfiguration;
			buildSettings = {
				ALWAYS_EMBED_SWIFT_STANDARD_LIBRARIES = YES;
				BUNDLE_LOADER = "$(TEST_HOST)";
				CODE_SIGN_STYLE = Automatic;
				CURRENT_PROJECT_VERSION = 1;
				GENERATE_INFOPLIST_FILE = YES;
				IPHONEOS_DEPLOYMENT_TARGET = 17.2;
				MARKETING_VERSION = 1.0;
				PRODUCT_BUNDLE_IDENTIFIER = com.akramarenko.CoffeeOrderAppTests;
				PRODUCT_NAME = "$(TARGET_NAME)";
				SWIFT_EMIT_LOC_STRINGS = NO;
				SWIFT_VERSION = 5.0;
				TARGETED_DEVICE_FAMILY = "1,2";
				TEST_HOST = "$(BUILT_PRODUCTS_DIR)/CoffeeOrderApp.app/$(BUNDLE_EXECUTABLE_FOLDER_PATH)/CoffeeOrderApp";
			};
			name = Debug;
		};
		0433E46E2C2250B900089E04 /* Release */ = {
			isa = XCBuildConfiguration;
			buildSettings = {
				ALWAYS_EMBED_SWIFT_STANDARD_LIBRARIES = YES;
				BUNDLE_LOADER = "$(TEST_HOST)";
				CODE_SIGN_STYLE = Automatic;
				CURRENT_PROJECT_VERSION = 1;
				GENERATE_INFOPLIST_FILE = YES;
				IPHONEOS_DEPLOYMENT_TARGET = 17.2;
				MARKETING_VERSION = 1.0;
				PRODUCT_BUNDLE_IDENTIFIER = com.akramarenko.CoffeeOrderAppTests;
				PRODUCT_NAME = "$(TARGET_NAME)";
				SWIFT_EMIT_LOC_STRINGS = NO;
				SWIFT_VERSION = 5.0;
				TARGETED_DEVICE_FAMILY = "1,2";
				TEST_HOST = "$(BUILT_PRODUCTS_DIR)/CoffeeOrderApp.app/$(BUNDLE_EXECUTABLE_FOLDER_PATH)/CoffeeOrderApp";
			};
			name = Release;
		};
		0433E4702C2250B900089E04 /* Debug */ = {
			isa = XCBuildConfiguration;
			buildSettings = {
				ALWAYS_EMBED_SWIFT_STANDARD_LIBRARIES = YES;
				CODE_SIGN_STYLE = Automatic;
				CURRENT_PROJECT_VERSION = 1;
				GENERATE_INFOPLIST_FILE = YES;
				MARKETING_VERSION = 1.0;
				PRODUCT_BUNDLE_IDENTIFIER = com.akramarenko.CoffeeOrderAppUITests;
				PRODUCT_NAME = "$(TARGET_NAME)";
				SWIFT_EMIT_LOC_STRINGS = NO;
				SWIFT_VERSION = 5.0;
				TARGETED_DEVICE_FAMILY = "1,2";
				TEST_TARGET_NAME = CoffeeOrderApp;
			};
			name = Debug;
		};
		0433E4712C2250B900089E04 /* Release */ = {
			isa = XCBuildConfiguration;
			buildSettings = {
				ALWAYS_EMBED_SWIFT_STANDARD_LIBRARIES = YES;
				CODE_SIGN_STYLE = Automatic;
				CURRENT_PROJECT_VERSION = 1;
				GENERATE_INFOPLIST_FILE = YES;
				MARKETING_VERSION = 1.0;
				PRODUCT_BUNDLE_IDENTIFIER = com.akramarenko.CoffeeOrderAppUITests;
				PRODUCT_NAME = "$(TARGET_NAME)";
				SWIFT_EMIT_LOC_STRINGS = NO;
				SWIFT_VERSION = 5.0;
				TARGETED_DEVICE_FAMILY = "1,2";
				TEST_TARGET_NAME = CoffeeOrderApp;
			};
			name = Release;
		};
/* End XCBuildConfiguration section */

/* Begin XCConfigurationList section */
		0433E4402C2250B800089E04 /* Build configuration list for PBXProject "CoffeeOrderApp" */ = {
			isa = XCConfigurationList;
			buildConfigurations = (
				0433E4672C2250B900089E04 /* Debug */,
				0433E4682C2250B900089E04 /* Release */,
			);
			defaultConfigurationIsVisible = 0;
			defaultConfigurationName = Release;
		};
		0433E4692C2250B900089E04 /* Build configuration list for PBXNativeTarget "CoffeeOrderApp" */ = {
			isa = XCConfigurationList;
			buildConfigurations = (
				0433E46A2C2250B900089E04 /* Debug */,
				0433E46B2C2250B900089E04 /* Release */,
			);
			defaultConfigurationIsVisible = 0;
			defaultConfigurationName = Release;
		};
		0433E46C2C2250B900089E04 /* Build configuration list for PBXNativeTarget "CoffeeOrderAppTests" */ = {
			isa = XCConfigurationList;
			buildConfigurations = (
				0433E46D2C2250B900089E04 /* Debug */,
				0433E46E2C2250B900089E04 /* Release */,
			);
			defaultConfigurationIsVisible = 0;
			defaultConfigurationName = Release;
		};
		0433E46F2C2250B900089E04 /* Build configuration list for PBXNativeTarget "CoffeeOrderAppUITests" */ = {
			isa = XCConfigurationList;
			buildConfigurations = (
				0433E4702C2250B900089E04 /* Debug */,
				0433E4712C2250B900089E04 /* Release */,
			);
			defaultConfigurationIsVisible = 0;
			defaultConfigurationName = Release;
		};
/* End XCConfigurationList section */
	};
	rootObject = 0433E43D2C2250B800089E04 /* Project object */;
}
